schema: '2.0'
stages:
  preprocess:
    cmd: python -m src.preprocess data/netmob/raw data/netmob/processed 
      data/graphs
    deps:
    - path: data/graphs/voronoi_map.parquet
      hash: md5
      md5: 2617a6f66b0cbe2a52e0fd50f57bd451
      size: 333376
    - path: data/netmob/raw
      hash: md5
      md5: f5e78549d95dae648cf9b31e94b974b4.dir
      size: 5758810141
      nfiles: 235
    - path: src/netmob_loader.py
      hash: md5
      md5: 3994b3aecfc0956d84f45912e924030f
      size: 8024
    - path: src/preprocess.py
      hash: md5
      md5: a277f6f2409212f608689d106cafc6cf
      size: 13063
    params:
      params.yaml:
        netmob:
          time_step_s: 900
        preprocess:
          resample_interval:
          cells_subset:
          fill_missing: ffill
          min_valid_fraction: 0.8
          normalization: global_max
          normalization_percentile: 99.9
    outs:
    - path: data/netmob/processed
      hash: md5
      md5: 7f4dddb0cf8ccda38231d989af4fe0c6.dir
      size: 132446150
      nfiles: 79
  build_graph:
    cmd: python -m src.aggregate
    deps:
    - path: data/netmob/raw/Lyon/Lyon.geojson
      hash: md5
      md5: e14bff83acfd4a33f9dd84258f7008db
      size: 55536234
    - path: data/netmob/raw/Lyon/Lyon_Sites_Cartoradio.csv
      hash: md5
      md5: 8d2b3a1bd183c9395dc558323f125947
      size: 993103
    - path: src/aggregate.py
      hash: md5
      md5: 5c26b079b196050d8c00fbf558d4ec70
      size: 22603
    params:
      params.yaml:
        aggregation:
          geojson_path: data/netmob/raw/Lyon/Lyon.geojson
          bs_csv: data/netmob/raw/Lyon/Lyon_Sites_Cartoradio.csv
          bs_encoding: latin-1
          bbox:
            lat_min: 45.6
            lat_max: 45.9
            lon_min: 4.7
            lon_max: 5.05
          method: voronoi
          min_tiles_per_bs: 1
          edge_method: voronoi_border
          k_neighbors: 8
        grid:
          n_cols: 287
          n_rows: 426
          tile_size_m: 100
          origin_lat: 46.062
          origin_lon: 4.637
    outs:
    - path: data/graphs/bs_locations.parquet
      hash: md5
      md5: 9ed38632e61f671e7097a4ddadde1523
      size: 17836
    - path: data/graphs/graph_edges.parquet
      hash: md5
      md5: 09912c02dbbca58e8380d4c396375d44
      size: 36776
    - path: data/graphs/voronoi_map.parquet
      hash: md5
      md5: dec6132e0775c4cb0204bcb518187f10
      size: 358284
