schema: '2.0'
stages:
  preprocess:
    cmd: python -m src.preprocess data/netmob/raw data/netmob/processed 
      data/graphs
    deps:
    - path: data/graphs/voronoi_map.parquet
      hash: md5
      md5: dec6132e0775c4cb0204bcb518187f10
      size: 358284
    - path: data/netmob/raw
      hash: md5
      md5: 6b28dcba5eaea3c30d105a99410c2957.dir
      size: 5758810134
      nfiles: 235
    - path: src/netmob_loader.py
      hash: md5
      md5: 3994b3aecfc0956d84f45912e924030f
      size: 8024
    - path: src/preprocess.py
      hash: md5
      md5: a277f6f2409212f608689d106cafc6cf
      size: 13063
    params:
      params.yaml:
        netmob:
          time_step_s: 900
        preprocess:
          resample_interval:
          cells_subset:
          fill_missing: ffill
          min_valid_fraction: 0.8
          normalization: global_max
          normalization_percentile: 99.9
    outs:
    - path: data/netmob/processed
      hash: md5
      md5: e292bcbe31d4ceacfb53f1ee70647aa5.dir
      size: 130696848
      nfiles: 79
  build_graph:
    cmd: python -m src.aggregate
    deps:
    - path: data/netmob/raw/Lyon/Lyon.geojson
      hash: md5
      md5: e14bff83acfd4a33f9dd84258f7008db
      size: 55536234
    - path: data/netmob/raw/Lyon/Lyon_Sites_Cartoradio.csv
      hash: md5
      md5: 8d2b3a1bd183c9395dc558323f125947
      size: 993103
    - path: src/aggregate.py
      hash: md5
      md5: 2f278e2e69e1adeeacd4976e3f92475b
      size: 23488
    params:
      params.yaml:
        aggregation:
          geojson_path: data/netmob/raw/Lyon/Lyon.geojson
          bs_csv: data/netmob/raw/Lyon/Lyon_Sites_Cartoradio.csv
          bs_encoding: latin-1
          bbox:
            lat_min: 45.6
            lat_max: 45.9
            lon_min: 4.7
            lon_max: 5.05
          method: voronoi
          min_tiles_per_bs: 1
          edge_method: voronoi_border
          k_neighbors: 8
        grid:
          n_cols: 287
          n_rows: 426
          tile_size_m: 100
          origin_lat: 46.062
          origin_lon: 4.637
    outs:
    - path: data/graphs/bs_locations.parquet
      hash: md5
      md5: 9ed38632e61f671e7097a4ddadde1523
      size: 17836
    - path: data/graphs/graph_edges.parquet
      hash: md5
      md5: cad5ea34ebb268ba7fcb65f01449d2a9
      size: 35207
    - path: data/graphs/voronoi_map.parquet
      hash: md5
      md5: dec6132e0775c4cb0204bcb518187f10
      size: 358284
  train:
    cmd: python -m src.train
    deps:
    - path: data/graphs/edge_index.npy
      hash: md5
      md5: 6a68b762e7e4a4b186b45e680a70b7d2
      size: 88832
    - path: data/graphs/node_index.parquet
      hash: md5
      md5: 4128c79673be367b0d65dcfcd60a75d1
      size: 13788
    - path: data/netmob/processed
      hash: md5
      md5: e292bcbe31d4ceacfb53f1ee70647aa5.dir
      size: 130696848
      nfiles: 79
    - path: src/dataset.py
      hash: md5
      md5: b11156aa4d5bc5e7119523e4e8ddd834
      size: 17191
    - path: src/evaluate.py
      hash: md5
      md5: 3bf83c0ce562a3c4519b13c7314ac575
      size: 3140
    - path: src/features.py
      hash: md5
      md5: 57f48845e4229df19274e5d8977ee726
      size: 5921
    - path: src/models/lstm.py
      hash: md5
      md5: b17c96974b29301c5ca62ab547d579a0
      size: 4219
    - path: src/models/stgnn.py
      hash: md5
      md5: 4eb28195ed2b0a111578f3e2770fc5c5
      size: 6917
    - path: src/train.py
      hash: md5
      md5: cb17892df7f30f9bc041e463d85603b4
      size: 10916
    params:
      params.yaml:
        features:
          lags:
          - 96
          - 192
          include_time_features: true
          scaler: standard
        lstm:
          seq_len: 96
          horizon: 4
          hidden_size: 128
          num_layers: 2
          dropout: 0.2
          bidirectional: false
        stgnn:
          seq_len: 96
          horizon: 4
          hidden_size: 64
          num_layers: 2
          dropout: 0.2
          num_heads: 4
          edge_method: knn
          k_neighbors: 8
          distance_threshold_m: 2000
        training:
          model: stgnn
          epochs: 100
          batch_size: 4
          lr: 0.001
          lr_scheduler: cosine
          early_stopping_patience: 15
          val_fraction: 0.15
          test_fraction: 0.15
          seed: 42
          device: auto
    outs:
    - path: models/best_model.pt
      hash: md5
      md5: 8771762127548a059c964eeda8103a89
      size: 300898
    - path: models/scaler.pkl
      hash: md5
      md5: 07189e2a891444aba5596df0b0836c8b
      size: 608
    - path: results/metrics_train.json
      hash: md5
      md5: 325df56172a928e0f244b1b061e5eadf
      size: 134
